{
  "name": "metamorfosis-web",
  "version": "1.0.0",
  "lockfileVersion": 3,
  "requires": true,
  "packages": {
    "": {
      "name": "metamorfosis-web",
      "version": "1.0.0",
      "dependencies": {
        "vite": "8.1.0",
        "react": "19.2.7",
        "react-dom": "19.2.7"
      },
      "devDependencies": {}
    }
  }
}
